
Microsoft Visual Studio Solution File, Format Version 12.00
# Visual Studio 15
VisualStudioVersion = 15.0.27004.2010
MinimumVisualStudioVersion = 10.0.40219.1
Project("{9A19103F-16F7-4668-BE54-9A1E7A4F7556}") = "FlashLFQ", "FlashLFQ\FlashLFQ.csproj", "{5E1F73DF-4F01-4C79-9D3F-671DD60BAFAF}"
EndProject
Project("{FAE04EC0-301F-11D3-BF4B-00C04F79EFBC}") = "FlashLFQ Executable", "FlashLFQ Executable\FlashLFQ Executable.csproj", "{7AF2532B-0108-403B-A05A-1CC60F2A7407}"
	ProjectSection(ProjectDependencies) = postProject
		{5E1F73DF-4F01-4C79-9D3F-671DD60BAFAF} = {5E1F73DF-4F01-4C79-9D3F-671DD60BAFAF}
	EndProjectSection
EndProject
Project("{FAE04EC0-301F-11D3-BF4B-00C04F79EFBC}") = "Test", "Test\Test.csproj", "{AD596BA0-702A-45CB-B9EB-F50D78259FC8}"
	ProjectSection(ProjectDependencies) = postProject
		{5E1F73DF-4F01-4C79-9D3F-671DD60BAFAF} = {5E1F73DF-4F01-4C79-9D3F-671DD60BAFAF}
	EndProjectSection
EndProject
Global
	GlobalSection(SolutionConfigurationPlatforms) = preSolution
		Debug|Any CPU = Debug|Any CPU
		Debug|x64 = Debug|x64
		Release|Any CPU = Release|Any CPU
		Release|x64 = Release|x64
	EndGlobalSection
	GlobalSection(ProjectConfigurationPlatforms) = postSolution
		{5E1F73DF-4F01-4C79-9D3F-671DD60BAFAF}.Debug|Any CPU.ActiveCfg = Debug|Any CPU
		{5E1F73DF-4F01-4C79-9D3F-671DD60BAFAF}.Debug|Any CPU.Build.0 = Debug|Any CPU
		{5E1F73DF-4F01-4C79-9D3F-671DD60BAFAF}.Debug|x64.ActiveCfg = Debug|Any CPU
		{5E1F73DF-4F01-4C79-9D3F-671DD60BAFAF}.Debug|x64.Build.0 = Debug|Any CPU
		{5E1F73DF-4F01-4C79-9D3F-671DD60BAFAF}.Release|Any CPU.ActiveCfg = Release|Any CPU
		{5E1F73DF-4F01-4C79-9D3F-671DD60BAFAF}.Release|Any CPU.Build.0 = Release|Any CPU
		{5E1F73DF-4F01-4C79-9D3F-671DD60BAFAF}.Release|x64.ActiveCfg = Release|Any CPU
		{5E1F73DF-4F01-4C79-9D3F-671DD60BAFAF}.Release|x64.Build.0 = Release|Any CPU
		{7AF2532B-0108-403B-A05A-1CC60F2A7407}.Debug|Any CPU.ActiveCfg = Debug|Any CPU
		{7AF2532B-0108-403B-A05A-1CC60F2A7407}.Debug|Any CPU.Build.0 = Debug|Any CPU
		{7AF2532B-0108-403B-A05A-1CC60F2A7407}.Debug|x64.ActiveCfg = Debug|Any CPU
		{7AF2532B-0108-403B-A05A-1CC60F2A7407}.Debug|x64.Build.0 = Debug|Any CPU
		{7AF2532B-0108-403B-A05A-1CC60F2A7407}.Release|Any CPU.ActiveCfg = Release|Any CPU
		{7AF2532B-0108-403B-A05A-1CC60F2A7407}.Release|Any CPU.Build.0 = Release|Any CPU
		{7AF2532B-0108-403B-A05A-1CC60F2A7407}.Release|x64.ActiveCfg = Release|Any CPU
		{7AF2532B-0108-403B-A05A-1CC60F2A7407}.Release|x64.Build.0 = Release|Any CPU
		{AD596BA0-702A-45CB-B9EB-F50D78259FC8}.Debug|Any CPU.ActiveCfg = Debug|Any CPU
		{AD596BA0-702A-45CB-B9EB-F50D78259FC8}.Debug|Any CPU.Build.0 = Debug|Any CPU
		{AD596BA0-702A-45CB-B9EB-F50D78259FC8}.Debug|x64.ActiveCfg = Debug|x64
		{AD596BA0-702A-45CB-B9EB-F50D78259FC8}.Debug|x64.Build.0 = Debug|x64
		{AD596BA0-702A-45CB-B9EB-F50D78259FC8}.Release|Any CPU.ActiveCfg = Release|Any CPU
		{AD596BA0-702A-45CB-B9EB-F50D78259FC8}.Release|Any CPU.Build.0 = Release|Any CPU
		{AD596BA0-702A-45CB-B9EB-F50D78259FC8}.Release|x64.ActiveCfg = Release|x64
		{AD596BA0-702A-45CB-B9EB-F50D78259FC8}.Release|x64.Build.0 = Release|x64
	EndGlobalSection
	GlobalSection(SolutionProperties) = preSolution
		HideSolutionNode = FALSE
	EndGlobalSection
	GlobalSection(ExtensibilityGlobals) = postSolution
		SolutionGuid = {9E01365C-E2BE-45B0-8119-18983A72D288}
	EndGlobalSection
EndGlobal
