
Microsoft Visual Studio Solution File, Format Version 12.00
# Visual Studio Version 16
VisualStudioVersion = 16.0.29418.71
MinimumVisualStudioVersion = 10.0.40219.1
Project("{9A19103F-16F7-4668-BE54-9A1E7A4F7556}") = "Util", "Util\Util.csproj", "{53757835-A5D1-4A9F-8807-409D9BD278EE}"
EndProject
Project("{9A19103F-16F7-4668-BE54-9A1E7A4F7556}") = "Test", "Test\Test.csproj", "{CF53C5F4-00CC-4923-A823-59902263759C}"
EndProject
Project("{9A19103F-16F7-4668-BE54-9A1E7A4F7556}") = "CMD", "CMD\CMD.csproj", "{335A62C2-AF34-4901-93A7-7B155109AA8E}"
EndProject
Project("{9A19103F-16F7-4668-BE54-9A1E7A4F7556}") = "GUI", "GUI\GUI.csproj", "{6A0215CE-219B-47A3-BDDC-73CEA08D76F7}"
EndProject
Global
	GlobalSection(SolutionConfigurationPlatforms) = preSolution
		Debug|x64 = Debug|x64
		Release|x64 = Release|x64
	EndGlobalSection
	GlobalSection(ProjectConfigurationPlatforms) = postSolution
		{53757835-A5D1-4A9F-8807-409D9BD278EE}.Debug|x64.ActiveCfg = Debug|x64
		{53757835-A5D1-4A9F-8807-409D9BD278EE}.Debug|x64.Build.0 = Debug|x64
		{53757835-A5D1-4A9F-8807-409D9BD278EE}.Release|x64.ActiveCfg = Release|x64
		{53757835-A5D1-4A9F-8807-409D9BD278EE}.Release|x64.Build.0 = Release|x64
		{CF53C5F4-00CC-4923-A823-59902263759C}.Debug|x64.ActiveCfg = Debug|x64
		{CF53C5F4-00CC-4923-A823-59902263759C}.Debug|x64.Build.0 = Debug|x64
		{CF53C5F4-00CC-4923-A823-59902263759C}.Release|x64.ActiveCfg = Release|x64
		{CF53C5F4-00CC-4923-A823-59902263759C}.Release|x64.Build.0 = Release|x64
		{335A62C2-AF34-4901-93A7-7B155109AA8E}.Debug|x64.ActiveCfg = Debug|x64
		{335A62C2-AF34-4901-93A7-7B155109AA8E}.Debug|x64.Build.0 = Debug|x64
		{335A62C2-AF34-4901-93A7-7B155109AA8E}.Release|x64.ActiveCfg = Release|x64
		{335A62C2-AF34-4901-93A7-7B155109AA8E}.Release|x64.Build.0 = Release|x64
		{6A0215CE-219B-47A3-BDDC-73CEA08D76F7}.Debug|x64.ActiveCfg = Debug|x64
		{6A0215CE-219B-47A3-BDDC-73CEA08D76F7}.Debug|x64.Build.0 = Debug|x64
		{6A0215CE-219B-47A3-BDDC-73CEA08D76F7}.Release|x64.ActiveCfg = Release|x64
		{6A0215CE-219B-47A3-BDDC-73CEA08D76F7}.Release|x64.Build.0 = Release|x64
	EndGlobalSection
	GlobalSection(SolutionProperties) = preSolution
		HideSolutionNode = FALSE
	EndGlobalSection
	GlobalSection(ExtensibilityGlobals) = postSolution
		SolutionGuid = {8DB6C24A-E507-4B2C-A078-E291EFDEE97C}
	EndGlobalSection
EndGlobal
