
Microsoft Visual Studio Solution File, Format Version 12.00
# Visual Studio 15
VisualStudioVersion = 15.0.26228.9
MinimumVisualStudioVersion = 10.0.40219.1
Project("{FAE04EC0-301F-11D3-BF4B-00C04F79EFBC}") = "FlashLFQ", "FlashLFQ\FlashLFQ.csproj", "{5E1F73DF-4F01-4C79-9D3F-671DD60BAFAF}"
EndProject
Project("{FAE04EC0-301F-11D3-BF4B-00C04F79EFBC}") = "FlashLFQ Executable", "Driver\FlashLFQ Executable.csproj", "{7AF2532B-0108-403B-A05A-1CC60F2A7407}"
EndProject
Project("{FAE04EC0-301F-11D3-BF4B-00C04F79EFBC}") = "Test", "Test\Test.csproj", "{AD596BA0-702A-45CB-B9EB-F50D78259FC8}"
EndProject
Global
	GlobalSection(SolutionConfigurationPlatforms) = preSolution
		Debug|Any CPU = Debug|Any CPU
		Release|Any CPU = Release|Any CPU
	EndGlobalSection
	GlobalSection(ProjectConfigurationPlatforms) = postSolution
		{5E1F73DF-4F01-4C79-9D3F-671DD60BAFAF}.Debug|Any CPU.ActiveCfg = Debug|Any CPU
		{5E1F73DF-4F01-4C79-9D3F-671DD60BAFAF}.Debug|Any CPU.Build.0 = Debug|Any CPU
		{5E1F73DF-4F01-4C79-9D3F-671DD60BAFAF}.Release|Any CPU.ActiveCfg = Release|Any CPU
		{5E1F73DF-4F01-4C79-9D3F-671DD60BAFAF}.Release|Any CPU.Build.0 = Release|Any CPU
		{7AF2532B-0108-403B-A05A-1CC60F2A7407}.Debug|Any CPU.ActiveCfg = Debug|Any CPU
		{7AF2532B-0108-403B-A05A-1CC60F2A7407}.Debug|Any CPU.Build.0 = Debug|Any CPU
		{7AF2532B-0108-403B-A05A-1CC60F2A7407}.Release|Any CPU.ActiveCfg = Release|Any CPU
		{7AF2532B-0108-403B-A05A-1CC60F2A7407}.Release|Any CPU.Build.0 = Release|Any CPU
		{AD596BA0-702A-45CB-B9EB-F50D78259FC8}.Debug|Any CPU.ActiveCfg = Debug|Any CPU
		{AD596BA0-702A-45CB-B9EB-F50D78259FC8}.Debug|Any CPU.Build.0 = Debug|Any CPU
		{AD596BA0-702A-45CB-B9EB-F50D78259FC8}.Release|Any CPU.ActiveCfg = Release|Any CPU
		{AD596BA0-702A-45CB-B9EB-F50D78259FC8}.Release|Any CPU.Build.0 = Release|Any CPU
	EndGlobalSection
	GlobalSection(SolutionProperties) = preSolution
		HideSolutionNode = FALSE
	EndGlobalSection
EndGlobal
